
Microsoft Visual Studio Solution File, Format Version 12.00
# Visual Studio Version 17
VisualStudioVersion = 17.9.34616.47
MinimumVisualStudioVersion = 10.0.40219.1
Project("{8BC9CEB8-8B4A-11D0-8D11-00A0C91BC942}") = "Final Project", "Final Project.vcxproj", "{F44D0491-70A0-4235-8427-56359EE32CBF}"
EndProject
Global
	GlobalSection(SolutionConfigurationPlatforms) = preSolution
		Debug|x64 = Debug|x64
		Debug|x86 = Debug|x86
		Release|x64 = Release|x64
		Release|x86 = Release|x86
	EndGlobalSection
	GlobalSection(ProjectConfigurationPlatforms) = postSolution
		{F44D0491-70A0-4235-8427-56359EE32CBF}.Debug|x64.ActiveCfg = Debug|x64
		{F44D0491-70A0-4235-8427-56359EE32CBF}.Debug|x64.Build.0 = Debug|x64
		{F44D0491-70A0-4235-8427-56359EE32CBF}.Debug|x86.ActiveCfg = Debug|Win32
		{F44D0491-70A0-4235-8427-56359EE32CBF}.Debug|x86.Build.0 = Debug|Win32
		{F44D0491-70A0-4235-8427-56359EE32CBF}.Release|x64.ActiveCfg = Release|x64
		{F44D0491-70A0-4235-8427-56359EE32CBF}.Release|x64.Build.0 = Release|x64
		{F44D0491-70A0-4235-8427-56359EE32CBF}.Release|x86.ActiveCfg = Release|Win32
		{F44D0491-70A0-4235-8427-56359EE32CBF}.Release|x86.Build.0 = Release|Win32
	EndGlobalSection
	GlobalSection(SolutionProperties) = preSolution
		HideSolutionNode = FALSE
	EndGlobalSection
	GlobalSection(ExtensibilityGlobals) = postSolution
		SolutionGuid = {FF465AE5-708E-48E6-99FC-F32A0FE4DE12}
	EndGlobalSection
EndGlobal
